
Microsoft Visual Studio Solution File, Format Version 12.00
# Visual Studio 2012
Project("{FAE04EC0-301F-11D3-BF4B-00C04F79EFBC}") = "RockNuGet", "RockNuGet\RockNuGet.csproj", "{3F79BA2E-FE6F-4A3B-8896-B8447F3FBBC7}"
EndProject
Global
	GlobalSection(SolutionConfigurationPlatforms) = preSolution
		Debug|Any CPU = Debug|Any CPU
		Release|Any CPU = Release|Any CPU
	EndGlobalSection
	GlobalSection(ProjectConfigurationPlatforms) = postSolution
		{3F79BA2E-FE6F-4A3B-8896-B8447F3FBBC7}.Debug|Any CPU.ActiveCfg = Debug|Any CPU
		{3F79BA2E-FE6F-4A3B-8896-B8447F3FBBC7}.Debug|Any CPU.Build.0 = Debug|Any CPU
		{3F79BA2E-FE6F-4A3B-8896-B8447F3FBBC7}.Release|Any CPU.ActiveCfg = Release|Any CPU
		{3F79BA2E-FE6F-4A3B-8896-B8447F3FBBC7}.Release|Any CPU.Build.0 = Release|Any CPU
	EndGlobalSection
	GlobalSection(SolutionProperties) = preSolution
		HideSolutionNode = FALSE
	EndGlobalSection
EndGlobal
